
Microsoft Visual Studio Solution File, Format Version 12.00
# Visual Studio Version 16
VisualStudioVersion = 16.0.30907.101
MinimumVisualStudioVersion = 10.0.40219.1
Project("{FAE04EC0-301F-11D3-BF4B-00C04F79EFBC}") = "DataAccess", "DataAccess\DataAccess.csproj", "{B100A114-00B1-49A5-9056-07803F204AA0}"
EndProject
Project("{FAE04EC0-301F-11D3-BF4B-00C04F79EFBC}") = "Business", "Business\Business.csproj", "{5200625D-5138-4A24-A552-3AEA559309A5}"
EndProject
Project("{FAE04EC0-301F-11D3-BF4B-00C04F79EFBC}") = "Entities", "Entities\Entities.csproj", "{63B64147-1E6B-4D5C-98D5-E7AEAA5108A9}"
EndProject
Project("{FAE04EC0-301F-11D3-BF4B-00C04F79EFBC}") = "ConsoleUI", "ConsoleUI\ConsoleUI.csproj", "{01120944-081E-4BB7-BC43-5156F83E5B30}"
EndProject
Global
	GlobalSection(SolutionConfigurationPlatforms) = preSolution
		Debug|Any CPU = Debug|Any CPU
		Release|Any CPU = Release|Any CPU
	EndGlobalSection
	GlobalSection(ProjectConfigurationPlatforms) = postSolution
		{B100A114-00B1-49A5-9056-07803F204AA0}.Debug|Any CPU.ActiveCfg = Debug|Any CPU
		{B100A114-00B1-49A5-9056-07803F204AA0}.Debug|Any CPU.Build.0 = Debug|Any CPU
		{B100A114-00B1-49A5-9056-07803F204AA0}.Release|Any CPU.ActiveCfg = Release|Any CPU
		{B100A114-00B1-49A5-9056-07803F204AA0}.Release|Any CPU.Build.0 = Release|Any CPU
		{5200625D-5138-4A24-A552-3AEA559309A5}.Debug|Any CPU.ActiveCfg = Debug|Any CPU
		{5200625D-5138-4A24-A552-3AEA559309A5}.Debug|Any CPU.Build.0 = Debug|Any CPU
		{5200625D-5138-4A24-A552-3AEA559309A5}.Release|Any CPU.ActiveCfg = Release|Any CPU
		{5200625D-5138-4A24-A552-3AEA559309A5}.Release|Any CPU.Build.0 = Release|Any CPU
		{63B64147-1E6B-4D5C-98D5-E7AEAA5108A9}.Debug|Any CPU.ActiveCfg = Debug|Any CPU
		{63B64147-1E6B-4D5C-98D5-E7AEAA5108A9}.Debug|Any CPU.Build.0 = Debug|Any CPU
		{63B64147-1E6B-4D5C-98D5-E7AEAA5108A9}.Release|Any CPU.ActiveCfg = Release|Any CPU
		{63B64147-1E6B-4D5C-98D5-E7AEAA5108A9}.Release|Any CPU.Build.0 = Release|Any CPU
		{01120944-081E-4BB7-BC43-5156F83E5B30}.Debug|Any CPU.ActiveCfg = Debug|Any CPU
		{01120944-081E-4BB7-BC43-5156F83E5B30}.Debug|Any CPU.Build.0 = Debug|Any CPU
		{01120944-081E-4BB7-BC43-5156F83E5B30}.Release|Any CPU.ActiveCfg = Release|Any CPU
		{01120944-081E-4BB7-BC43-5156F83E5B30}.Release|Any CPU.Build.0 = Release|Any CPU
	EndGlobalSection
	GlobalSection(SolutionProperties) = preSolution
		HideSolutionNode = FALSE
	EndGlobalSection
	GlobalSection(ExtensibilityGlobals) = postSolution
		SolutionGuid = {3A40DFF2-9A2C-4DA8-8E86-BB5A5FD89B32}
	EndGlobalSection
EndGlobal
